
Microsoft Visual Studio Solution File, Format Version 12.00
# Visual Studio 15
VisualStudioVersion = 15.0.28307.852
MinimumVisualStudioVersion = 10.0.40219.1
Project("{FAE04EC0-301F-11D3-BF4B-00C04F79EFBC}") = "Refresh The Page", "Refresh The Page\Refresh The Page.csproj", "{FFAE619B-7928-4668-AF0E-7930C5344252}"
EndProject
Project("{FAE04EC0-301F-11D3-BF4B-00C04F79EFBC}") = "GameDataAccess", "GameDataAccess\GameDataAccess.csproj", "{4130FD13-2B4F-45D1-9062-DB854BCB15D4}"
EndProject
Global
	GlobalSection(SolutionConfigurationPlatforms) = preSolution
		Debug|Any CPU = Debug|Any CPU
		Release|Any CPU = Release|Any CPU
	EndGlobalSection
	GlobalSection(ProjectConfigurationPlatforms) = postSolution
		{FFAE619B-7928-4668-AF0E-7930C5344252}.Debug|Any CPU.ActiveCfg = Debug|Any CPU
		{FFAE619B-7928-4668-AF0E-7930C5344252}.Debug|Any CPU.Build.0 = Debug|Any CPU
		{FFAE619B-7928-4668-AF0E-7930C5344252}.Release|Any CPU.ActiveCfg = Release|Any CPU
		{FFAE619B-7928-4668-AF0E-7930C5344252}.Release|Any CPU.Build.0 = Release|Any CPU
		{4130FD13-2B4F-45D1-9062-DB854BCB15D4}.Debug|Any CPU.ActiveCfg = Debug|Any CPU
		{4130FD13-2B4F-45D1-9062-DB854BCB15D4}.Debug|Any CPU.Build.0 = Debug|Any CPU
		{4130FD13-2B4F-45D1-9062-DB854BCB15D4}.Release|Any CPU.ActiveCfg = Release|Any CPU
		{4130FD13-2B4F-45D1-9062-DB854BCB15D4}.Release|Any CPU.Build.0 = Release|Any CPU
	EndGlobalSection
	GlobalSection(SolutionProperties) = preSolution
		HideSolutionNode = FALSE
	EndGlobalSection
	GlobalSection(ExtensibilityGlobals) = postSolution
		SolutionGuid = {F116FD6A-F038-4F18-A427-D01F3B8EF3E0}
	EndGlobalSection
EndGlobal
